{
    "_readme": [
        "This file locks the dependencies of your project to a known state",
        "Read more about it at https://getcomposer.org/doc/01-basic-usage.md#installing-dependencies",
        "This file is @generated automatically"
    ],
    "content-hash": "eba68278a773440aca8106c731367f3a",
    "packages": [
        {
            "name": "composer/installers",
            "version": "v1.10.0",
            "source": {
                "type": "git",
                "url": "https://github.com/composer/installers.git",
                "reference": "1a0357fccad9d1cc1ea0c9a05b8847fbccccb78d"
            },
            "dist": {
                "type": "zip",
                "url": "https://api.github.com/repos/composer/installers/zipball/1a0357fccad9d1cc1ea0c9a05b8847fbccccb78d",
                "reference": "1a0357fccad9d1cc1ea0c9a05b8847fbccccb78d",
                "shasum": ""
            },
            "require": {
                "composer-plugin-api": "^1.0 || ^2.0"
            },
            "replace": {
                "roundcube/plugin-installer": "*",
                "shama/baton": "*"
            },
            "require-dev": {
                "composer/composer": "1.6.* || ^2.0",
                "composer/semver": "^1 || ^3",
                "phpstan/phpstan": "^0.12.55",
                "phpstan/phpstan-phpunit": "^0.12.16",
                "symfony/phpunit-bridge": "^4.2 || ^5",
                "symfony/process": "^2.3"
            },
            "type": "composer-plugin",
            "extra": {
                "class": "Composer\\Installers\\Plugin",
                "branch-alias": {
                    "dev-main": "1.x-dev"
                }
            },
            "autoload": {
                "psr-4": {
                    "Composer\\Installers\\": "src/Composer/Installers"
                }
            },
            "notification-url": "https://packagist.org/downloads/",
            "license": [
                "MIT"
            ],
            "authors": [
                {
                    "name": "Kyle Robinson Young",
                    "email": "kyle@dontkry.com",
                    "homepage": "https://github.com/shama"
                }
            ],
            "description": "A multi-framework Composer library installer",
            "homepage": "https://composer.github.io/installers/",
            "keywords": [
                "Craft",
                "Dolibarr",
                "Eliasis",
                "Hurad",
                "ImageCMS",
                "Kanboard",
                "Lan Management System",
                "MODX Evo",
                "MantisBT",
                "Mautic",
                "Maya",
                "OXID",
                "Plentymarkets",
                "Porto",
                "RadPHP",
                "SMF",
                "Starbug",
                "Thelia",
                "Whmcs",
                "WolfCMS",
                "agl",
                "aimeos",
                "annotatecms",
                "attogram",
                "bitrix",
                "cakephp",
                "chef",
                "cockpit",
                "codeigniter",
                "concrete5",
                "croogo",
                "dokuwiki",
                "drupal",
                "eZ Platform",
                "elgg",
                "expressionengine",
                "fuelphp",
                "grav",
                "installer",
                "itop",
                "joomla",
                "known",
                "kohana",
                "laravel",
                "lavalite",
                "lithium",
                "magento",
                "majima",
                "mako",
                "mediawiki",
                "modulework",
                "modx",
                "moodle",
                "osclass",
                "phpbb",
                "piwik",
                "ppi",
                "processwire",
                "puppet",
                "pxcms",
                "reindex",
                "roundcube",
                "shopware",
                "silverstripe",
                "sydes",
                "sylius",
                "symfony",
                "typo3",
                "wordpress",
                "yawik",
                "zend",
                "zikula"
            ],
            "support": {
                "issues": "https://github.com/composer/installers/issues",
                "source": "https://github.com/composer/installers/tree/v1.10.0"
            },
            "funding": [
                {
                    "url": "https://packagist.com",
                    "type": "custom"
                },
                {
                    "url": "https://github.com/composer",
                    "type": "github"
                },
                {
                    "url": "https://tidelift.com/funding/github/packagist/composer/composer",
                    "type": "tidelift"
                }
            ],
            "time": "2021-01-14T11:07:16+00:00"
        },
        {
            "name": "futurepress/epubjs-reader",
            "version": "0.3",
            "dist": {
                "type": "zip",
                "url": "https://github.com/futurepress/epubjs-reader/archive/refs/heads/master.zip"
            },
            "type": "omeka-module-asset"
        },
        {
            "name": "gmo/iso-639",
            "version": "v1.0.0",
            "source": {
                "type": "git",
                "url": "https://github.com/gmo/iso-639.git",
                "reference": "c6f7f1233459dbe1833245ae47cdd075b0849ab0"
            },
            "dist": {
                "type": "zip",
                "url": "https://api.github.com/repos/gmo/iso-639/zipball/c6f7f1233459dbe1833245ae47cdd075b0849ab0",
                "reference": "c6f7f1233459dbe1833245ae47cdd075b0849ab0",
                "shasum": ""
            },
            "require": {
                "php": ">=5.3"
            },
            "type": "library",
            "autoload": {
                "psr-4": {
                    "Gmo\\Iso639\\": "src"
                }
            },
            "notification-url": "https://packagist.org/downloads/",
            "license": [
                "MIT"
            ],
            "description": "Convert between ISO-639 codes",
            "keywords": [
                "639",
                "iso",
                "iso-639",
                "language"
            ],
            "support": {
                "issues": "https://github.com/gmo/iso-639/issues",
                "source": "https://github.com/gmo/iso-639/tree/v1.0.0"
            },
            "time": "2015-07-17T00:18:37+00:00"
        },
        {
            "name": "grandt/binstring",
            "version": "1.0.0",
            "source": {
                "type": "git",
                "url": "https://github.com/Grandt/PHPBinString.git",
                "reference": "825fe2ac8a68190f651fc2dbc07b6edde18bc431"
            },
            "dist": {
                "type": "zip",
                "url": "https://api.github.com/repos/Grandt/PHPBinString/zipball/825fe2ac8a68190f651fc2dbc07b6edde18bc431",
                "reference": "825fe2ac8a68190f651fc2dbc07b6edde18bc431",
                "shasum": ""
            },
            "require": {
                "php": ">=5.0"
            },
            "type": "library",
            "autoload": {
                "classmap": [
                    "BinString.php",
                    "BinStringStatic.php"
                ]
            },
            "notification-url": "https://packagist.org/downloads/",
            "license": [
                "LGPL-2.1"
            ],
            "authors": [
                {
                    "name": "A. Grandt",
                    "email": "php@grandt.com",
                    "role": "Developer"
                }
            ],
            "description": "A class for working around the use of mbstring.func_override",
            "homepage": "https://github.com/Grandt/PHPBinString",
            "keywords": [
                "binary strings",
                "mbstring"
            ],
            "support": {
                "issues": "https://github.com/Grandt/PHPBinString/issues",
                "source": "https://github.com/Grandt/PHPBinString/tree/master"
            },
            "time": "2015-08-13T06:14:41+00:00"
        },
        {
            "name": "grandt/phpepub",
            "version": "dev-master",
            "source": {
                "type": "git",
                "url": "https://gitlab.com/Daniel-KM/PHPePub",
                "reference": "78546d9a49d59ad9a32b13f3d95cc2f548add1c3"
            },
            "require": {
                "grandt/phpresizegif": "~1.0.3",
                "grandt/relativepath": "~1.0.1",
                "masterminds/html5": "~2.3",
                "php": ">=5.3.0",
                "phpzip/phpzip": "~2.0.7"
            },
            "default-branch": true,
            "type": "library",
            "autoload": {
                "psr-4": {
                    "PHPePub\\": "src/PHPePub"
                },
                "classmap": [
                    "src/lib.uuid.php"
                ]
            },
            "license": [
                "LGPL-2.1"
            ],
            "authors": [
                {
                    "name": "A. Grandt",
                    "email": "php@grandt.com",
                    "homepage": "http://grandt.com",
                    "role": "Developer"
                },
                {
                    "name": "An, Hyeong-woo",
                    "email": "mail@mytory.net",
                    "homepage": "https://mytory.net",
                    "role": "Contributor"
                },
                {
                    "name": "Daniel Berthereau",
                    "email": "daniel.composer@berthereau.net",
                    "role": "Contributor"
                }
            ],
            "description": "Package to create and stream e-books in the ePub 2.0 and 3.0 formats.",
            "homepage": "https://github.com/Grandt/PHPePub",
            "keywords": [
                "e-book",
                "epub"
            ],
            "time": "2018-10-21T22:00:00+00:00"
        },
        {
            "name": "grandt/phpresizegif",
            "version": "1.0.3",
            "source": {
                "type": "git",
                "url": "https://github.com/Grandt/PHPResizeGif.git",
                "reference": "775f6810fcda2fd1d8ca881d44a80c8d310ae7fe"
            },
            "dist": {
                "type": "zip",
                "url": "https://api.github.com/repos/Grandt/PHPResizeGif/zipball/775f6810fcda2fd1d8ca881d44a80c8d310ae7fe",
                "reference": "775f6810fcda2fd1d8ca881d44a80c8d310ae7fe",
                "shasum": ""
            },
            "require": {
                "grandt/binstring": ">=0.2.0",
                "php": ">=5.3.0"
            },
            "type": "library",
            "autoload": {
                "psr-4": {
                    "grandt\\ResizeGif\\": "src/ResizeGif",
                    "grandt\\ResizeGif\\Files\\": "src/ResizeGif/Files",
                    "grandt\\ResizeGif\\Structure\\": "src/ResizeGif/Structure",
                    "grandt\\ResizeGif\\Debug\\": "src/ResizeGif/Debug"
                }
            },
            "notification-url": "https://packagist.org/downloads/",
            "license": [
                "LGPL-2.1"
            ],
            "authors": [
                {
                    "name": "A. Grandt",
                    "email": "php@grandt.com",
                    "homepage": "http://grandt.com",
                    "role": "Developer"
                }
            ],
            "description": "GIF89a compliant Gif resizer, including transparency and optimized gifs with sub sized elements.",
            "homepage": "https://github.com/Grandt/PHPResizeGif",
            "keywords": [
                "GIF89a",
                "animated gif",
                "gif",
                "resize"
            ],
            "support": {
                "issues": "https://github.com/Grandt/PHPResizeGif/issues",
                "source": "https://github.com/Grandt/PHPResizeGif/tree/master"
            },
            "time": "2015-05-10T10:52:24+00:00"
        },
        {
            "name": "grandt/phpzipmerge",
            "version": "1.0.4",
            "source": {
                "type": "git",
                "url": "https://github.com/Grandt/PHPZipMerge.git",
                "reference": "0b1273d3c2dbfe244904158b1dbd65a663264fb9"
            },
            "dist": {
                "type": "zip",
                "url": "https://api.github.com/repos/Grandt/PHPZipMerge/zipball/0b1273d3c2dbfe244904158b1dbd65a663264fb9",
                "reference": "0b1273d3c2dbfe244904158b1dbd65a663264fb9",
                "shasum": ""
            },
            "require": {
                "grandt/binstring": ">=1.0.0",
                "grandt/relativepath": ">=1.0.1",
                "php": ">=5.3.0"
            },
            "type": "library",
            "autoload": {
                "psr-4": {
                    "ZipMerge\\": "src/ZipMerge"
                }
            },
            "notification-url": "https://packagist.org/downloads/",
            "license": [
                "LGPL-2.1"
            ],
            "authors": [
                {
                    "name": "A. Grandt",
                    "email": "php@grandt.com",
                    "homepage": "http://grandt.com",
                    "role": "Developer"
                },
                {
                    "name": "Greg Kappatos",
                    "homepage": "http://websiteconnect.com.au",
                    "role": "Developer"
                }
            ],
            "description": "Merge and stream multiple Zip files on the fly.",
            "homepage": "https://github.com/Grandt/PHPZipMerge",
            "keywords": [
                "archive",
                "compressed",
                "compression",
                "merge",
                "phpzip",
                "pkzip",
                "stream",
                "zip"
            ],
            "support": {
                "issues": "https://github.com/Grandt/PHPZipMerge/issues",
                "source": "https://github.com/Grandt/PHPZipMerge/tree/master"
            },
            "time": "2015-08-18T13:49:33+00:00"
        },
        {
            "name": "grandt/relativepath",
            "version": "1.0.2",
            "source": {
                "type": "git",
                "url": "https://github.com/Grandt/PHPRelativePath.git",
                "reference": "19541133c24143b6295688472c54dd6ed15a5462"
            },
            "dist": {
                "type": "zip",
                "url": "https://api.github.com/repos/Grandt/PHPRelativePath/zipball/19541133c24143b6295688472c54dd6ed15a5462",
                "reference": "19541133c24143b6295688472c54dd6ed15a5462",
                "shasum": ""
            },
            "require": {
                "php": ">=5.0"
            },
            "type": "library",
            "autoload": {
                "classmap": [
                    "RelativePath.php"
                ]
            },
            "notification-url": "https://packagist.org/downloads/",
            "license": [
                "LGPL-2.1"
            ],
            "authors": [
                {
                    "name": "A. Grandt",
                    "email": "php@grandt.com",
                    "role": "Developer"
                }
            ],
            "description": "A class for cleaning up/collapsing relative paths. Like real_path, but without the need for the path to exist on the filesystem.",
            "homepage": "https://github.com/Grandt/PHPRelativePath",
            "keywords": [
                "file path"
            ],
            "support": {
                "issues": "https://github.com/Grandt/PHPRelativePath/issues",
                "source": "https://github.com/Grandt/PHPRelativePath/tree/master"
            },
            "time": "2015-05-14T08:18:23+00:00"
        },
        {
            "name": "masterminds/html5",
            "version": "2.7.4",
            "source": {
                "type": "git",
                "url": "https://github.com/Masterminds/html5-php.git",
                "reference": "9227822783c75406cfe400984b2f095cdf03d417"
            },
            "dist": {
                "type": "zip",
                "url": "https://api.github.com/repos/Masterminds/html5-php/zipball/9227822783c75406cfe400984b2f095cdf03d417",
                "reference": "9227822783c75406cfe400984b2f095cdf03d417",
                "shasum": ""
            },
            "require": {
                "ext-ctype": "*",
                "ext-dom": "*",
                "ext-libxml": "*",
                "php": ">=5.3.0"
            },
            "require-dev": {
                "phpunit/phpunit": "^4.8.35"
            },
            "type": "library",
            "extra": {
                "branch-alias": {
                    "dev-master": "2.7-dev"
                }
            },
            "autoload": {
                "psr-4": {
                    "Masterminds\\": "src"
                }
            },
            "notification-url": "https://packagist.org/downloads/",
            "license": [
                "MIT"
            ],
            "authors": [
                {
                    "name": "Matt Butcher",
                    "email": "technosophos@gmail.com"
                },
                {
                    "name": "Matt Farina",
                    "email": "matt@mattfarina.com"
                },
                {
                    "name": "Asmir Mustafic",
                    "email": "goetas@gmail.com"
                }
            ],
            "description": "An HTML5 parser and serializer.",
            "homepage": "http://masterminds.github.io/html5-php",
            "keywords": [
                "HTML5",
                "dom",
                "html",
                "parser",
                "querypath",
                "serializer",
                "xml"
            ],
            "support": {
                "issues": "https://github.com/Masterminds/html5-php/issues",
                "source": "https://github.com/Masterminds/html5-php/tree/2.7.4"
            },
            "time": "2020-10-01T13:52:52+00:00"
        },
        {
            "name": "oomphinc/composer-installers-extender",
            "version": "2.0.0",
            "source": {
                "type": "git",
                "url": "https://github.com/oomphinc/composer-installers-extender.git",
                "reference": "8d3fe38a1723e0e91076920c8bb946b1696e28ca"
            },
            "dist": {
                "type": "zip",
                "url": "https://api.github.com/repos/oomphinc/composer-installers-extender/zipball/8d3fe38a1723e0e91076920c8bb946b1696e28ca",
                "reference": "8d3fe38a1723e0e91076920c8bb946b1696e28ca",
                "shasum": ""
            },
            "require": {
                "composer-plugin-api": "^1.1 || ^2.0",
                "composer/installers": "^1.0",
                "php": ">=7.1"
            },
            "require-dev": {
                "composer/composer": "^2.0",
                "phpunit/phpunit": "^7.2",
                "squizlabs/php_codesniffer": "^3.3"
            },
            "type": "composer-plugin",
            "extra": {
                "class": "OomphInc\\ComposerInstallersExtender\\Plugin"
            },
            "autoload": {
                "psr-4": {
                    "OomphInc\\ComposerInstallersExtender\\": "src/"
                }
            },
            "notification-url": "https://packagist.org/downloads/",
            "license": [
                "MIT"
            ],
            "authors": [
                {
                    "name": "Stephen Beemsterboer",
                    "email": "stephen@oomphinc.com",
                    "homepage": "https://github.com/balbuf"
                },
                {
                    "name": "Nathan Dentzau",
                    "email": "nate@oomphinc.com",
                    "homepage": "http://oomph.is/ndentzau"
                }
            ],
            "description": "Extend the composer/installers plugin to accept any arbitrary package type.",
            "homepage": "http://www.oomphinc.com/",
            "support": {
                "issues": "https://github.com/oomphinc/composer-installers-extender/issues",
                "source": "https://github.com/oomphinc/composer-installers-extender/tree/2.0.0"
            },
            "time": "2020-08-11T21:06:11+00:00"
        },
        {
            "name": "phpzip/phpzip",
            "version": "2.0.8",
            "source": {
                "type": "git",
                "url": "https://github.com/Grandt/PHPZip.git",
                "reference": "936f93d656f68e29c231a39e19fd59a636fe7e47"
            },
            "dist": {
                "type": "zip",
                "url": "https://api.github.com/repos/Grandt/PHPZip/zipball/936f93d656f68e29c231a39e19fd59a636fe7e47",
                "reference": "936f93d656f68e29c231a39e19fd59a636fe7e47",
                "shasum": ""
            },
            "require": {
                "grandt/binstring": ">=1.0.0",
                "grandt/phpzipmerge": ">=1.0.4",
                "grandt/relativepath": ">=1.0.2",
                "php": ">=5.3.0"
            },
            "type": "library",
            "autoload": {
                "psr-4": {
                    "PHPZip\\Zip\\": "src/Zip"
                }
            },
            "notification-url": "https://packagist.org/downloads/",
            "license": [
                "LGPL-2.1"
            ],
            "authors": [
                {
                    "name": "Adam Schmalhofer",
                    "email": "Adam.Schmalhofer@gmx.de",
                    "role": "Developer"
                },
                {
                    "name": "A. Grandt",
                    "email": "php@grandt.com",
                    "homepage": "http://grandt.com",
                    "role": "Developer"
                },
                {
                    "name": "Greg Kappatos",
                    "homepage": "http://websiteconnect.com.au",
                    "role": "Developer"
                }
            ],
            "description": "Package to create and stream archives of compressed files in ZIP format with PHP 5.3+",
            "homepage": "https://github.com/Grandt/PHPZip",
            "keywords": [
                "archive",
                "compressed",
                "compression",
                "phpzip",
                "pkzip",
                "stream",
                "zip"
            ],
            "support": {
                "issues": "https://github.com/Grandt/PHPZip/issues",
                "source": "https://github.com/Grandt/PHPZip/tree/master"
            },
            "time": "2015-11-16T16:30:51+00:00"
        },
        {
            "name": "vanilla/htmlawed",
            "version": "v1.2.4",
            "source": {
                "type": "git",
                "url": "https://github.com/vanilla/htmlawed.git",
                "reference": "7c717dc95b62a69d8c6757ea61410d080891496b"
            },
            "dist": {
                "type": "zip",
                "url": "https://api.github.com/repos/vanilla/htmlawed/zipball/7c717dc95b62a69d8c6757ea61410d080891496b",
                "reference": "7c717dc95b62a69d8c6757ea61410d080891496b",
                "shasum": ""
            },
            "require": {
                "php": ">=5.4.0"
            },
            "require-dev": {
                "tburry/pquery": "~1.0.1"
            },
            "type": "library",
            "autoload": {
                "classmap": [
                    "src/Htmlawed.php"
                ]
            },
            "notification-url": "https://packagist.org/downloads/",
            "license": [
                "LGPL-3.0"
            ],
            "authors": [
                {
                    "name": "Todd Burry",
                    "email": "todd@vanillaforums.com"
                }
            ],
            "description": "A composer wrapper for the htmLawed library to purify & filter HTML. Tested with PHPUnit and PhantomJS!",
            "support": {
                "issues": "https://github.com/vanilla/htmlawed/issues",
                "source": "https://github.com/vanilla/htmlawed/tree/master"
            },
            "time": "2016-01-18T19:42:40+00:00"
        }
    ],
    "packages-dev": [],
    "aliases": [],
    "minimum-stability": "stable",
    "stability-flags": {
        "grandt/phpepub": 20
    },
    "prefer-stable": false,
    "prefer-lowest": false,
    "platform": [],
    "platform-dev": [],
    "plugin-api-version": "2.0.0"
}
